
Microsoft Visual Studio Solution File, Format Version 12.00
# Visual Studio 15
VisualStudioVersion = 15.0.27130.2036
MinimumVisualStudioVersion = 10.0.40219.1
Project("{FAE04EC0-301F-11D3-BF4B-00C04F79EFBC}") = "WebApplication2", "WebApplication2\WebApplication2.csproj", "{489EE899-E890-4308-BF80-5A5A1B0DF5B8}"
EndProject
Global
	GlobalSection(SolutionConfigurationPlatforms) = preSolution
		Debug|Any CPU = Debug|Any CPU
		Release|Any CPU = Release|Any CPU
	EndGlobalSection
	GlobalSection(ProjectConfigurationPlatforms) = postSolution
		{489EE899-E890-4308-BF80-5A5A1B0DF5B8}.Debug|Any CPU.ActiveCfg = Debug|Any CPU
		{489EE899-E890-4308-BF80-5A5A1B0DF5B8}.Debug|Any CPU.Build.0 = Debug|Any CPU
		{489EE899-E890-4308-BF80-5A5A1B0DF5B8}.Release|Any CPU.ActiveCfg = Release|Any CPU
		{489EE899-E890-4308-BF80-5A5A1B0DF5B8}.Release|Any CPU.Build.0 = Release|Any CPU
	EndGlobalSection
	GlobalSection(SolutionProperties) = preSolution
		HideSolutionNode = FALSE
	EndGlobalSection
	GlobalSection(ExtensibilityGlobals) = postSolution
		SolutionGuid = {D664889D-DC94-4197-959E-49500B81671A}
	EndGlobalSection
EndGlobal
